
Microsoft Visual Studio Solution File, Format Version 12.00
# Visual Studio Version 17
VisualStudioVersion = 17.0.32014.148
MinimumVisualStudioVersion = 10.0.40219.1
Project("{9A19103F-16F7-4668-BE54-9A1E7A4F7556}") = "NitroStudio2Deluxe", "Nitro Studio 2\NitroStudio2Deluxe.csproj", "{BF551FB5-A4CE-4F6D-A8F1-3893302F4581}"
EndProject
Project("{9A19103F-16F7-4668-BE54-9A1E7A4F7556}") = "NitroFileLoader", "NitroFileLoader\NitroFileLoader.csproj", "{132D5DA0-BD98-4FCB-9A9C-73556C16B2C0}"
	ProjectSection(ProjectDependencies) = postProject
		{2642E217-5595-4E4B-9B6D-F5CFD937EB25} = {2642E217-5595-4E4B-9B6D-F5CFD937EB25}
		{F0BCD085-9DC4-4B22-B791-C725CA8E46F6} = {F0BCD085-9DC4-4B22-B791-C725CA8E46F6}
		{D06E248A-EF7A-4F1E-9A71-76204D61FF80} = {D06E248A-EF7A-4F1E-9A71-76204D61FF80}
	EndProjectSection
EndProject
Project("{9A19103F-16F7-4668-BE54-9A1E7A4F7556}") = "GotaSequenceLib", "GotaSequenceLibDeluxe\GotaSequenceLib.csproj", "{D06E248A-EF7A-4F1E-9A71-76204D61FF80}"
	ProjectSection(ProjectDependencies) = postProject
		{F0BCD085-9DC4-4B22-B791-C725CA8E46F6} = {F0BCD085-9DC4-4B22-B791-C725CA8E46F6}
	EndProjectSection
EndProject
Project("{9A19103F-16F7-4668-BE54-9A1E7A4F7556}") = "GotaSoundBank", "GotaSoundBankDeluxe\GotaSoundBank.csproj", "{2642E217-5595-4E4B-9B6D-F5CFD937EB25}"
	ProjectSection(ProjectDependencies) = postProject
		{F0BCD085-9DC4-4B22-B791-C725CA8E46F6} = {F0BCD085-9DC4-4B22-B791-C725CA8E46F6}
	EndProjectSection
EndProject
Project("{9A19103F-16F7-4668-BE54-9A1E7A4F7556}") = "GotaSoundIO", "GotaSoundIODeluxe\GotaSoundIO.csproj", "{F0BCD085-9DC4-4B22-B791-C725CA8E46F6}"
EndProject
Project("{9A19103F-16F7-4668-BE54-9A1E7A4F7556}") = "Sanford.Multimedia.Midi", "Sanford.Multimedia.Midi\Sanford.Multimedia.Midi.csproj", "{DF962940-3A81-4CAF-8EF9-855A667A7054}"
EndProject
Project("{9A19103F-16F7-4668-BE54-9A1E7A4F7556}") = "SoundFont2", "SoundFont2\SoundFont2.csproj", "{91BA3A45-E63C-40F7-B5F0-7353CB4BEE2F}"
EndProject
Project("{9A19103F-16F7-4668-BE54-9A1E7A4F7556}") = "DLS2", "DLS2\DLS2.csproj", "{65F945D1-9571-45DA-9197-D65385025E8B}"
EndProject
Project("{9A19103F-16F7-4668-BE54-9A1E7A4F7556}") = "ScintillaNETFindReplaceDialog", "ScintillaNetFindReplaceDialog\ScintillaNETFindReplaceDialog.csproj", "{5E457545-0D23-4CEC-ABDE-67FE449B84A2}"
EndProject
Project("{9A19103F-16F7-4668-BE54-9A1E7A4F7556}") = "ScintillaNET", "ScintillaNET-master\src\ScintillaNET\ScintillaNET.csproj", "{9B5FF88A-CC41-419A-8DB8-C08DCE19C84A}"
EndProject
Global
	GlobalSection(SolutionConfigurationPlatforms) = preSolution
		Debug|Any CPU = Debug|Any CPU
		Debug|x64 = Debug|x64
		Release|Any CPU = Release|Any CPU
		Release|x64 = Release|x64
	EndGlobalSection
	GlobalSection(ProjectConfigurationPlatforms) = postSolution
		{BF551FB5-A4CE-4F6D-A8F1-3893302F4581}.Debug|Any CPU.ActiveCfg = Debug|Any CPU
		{BF551FB5-A4CE-4F6D-A8F1-3893302F4581}.Debug|Any CPU.Build.0 = Debug|Any CPU
		{BF551FB5-A4CE-4F6D-A8F1-3893302F4581}.Debug|x64.ActiveCfg = Debug|x64
		{BF551FB5-A4CE-4F6D-A8F1-3893302F4581}.Debug|x64.Build.0 = Debug|x64
		{BF551FB5-A4CE-4F6D-A8F1-3893302F4581}.Release|Any CPU.ActiveCfg = Release|Any CPU
		{BF551FB5-A4CE-4F6D-A8F1-3893302F4581}.Release|Any CPU.Build.0 = Release|Any CPU
		{BF551FB5-A4CE-4F6D-A8F1-3893302F4581}.Release|x64.ActiveCfg = Release|x64
		{BF551FB5-A4CE-4F6D-A8F1-3893302F4581}.Release|x64.Build.0 = Release|x64
		{132D5DA0-BD98-4FCB-9A9C-73556C16B2C0}.Debug|Any CPU.ActiveCfg = Debug|x64
		{132D5DA0-BD98-4FCB-9A9C-73556C16B2C0}.Debug|Any CPU.Build.0 = Debug|x64
		{132D5DA0-BD98-4FCB-9A9C-73556C16B2C0}.Debug|x64.ActiveCfg = Debug|x64
		{132D5DA0-BD98-4FCB-9A9C-73556C16B2C0}.Debug|x64.Build.0 = Debug|x64
		{132D5DA0-BD98-4FCB-9A9C-73556C16B2C0}.Release|Any CPU.ActiveCfg = Release|x64
		{132D5DA0-BD98-4FCB-9A9C-73556C16B2C0}.Release|Any CPU.Build.0 = Release|x64
		{132D5DA0-BD98-4FCB-9A9C-73556C16B2C0}.Release|x64.ActiveCfg = Release|x64
		{132D5DA0-BD98-4FCB-9A9C-73556C16B2C0}.Release|x64.Build.0 = Release|x64
		{D06E248A-EF7A-4F1E-9A71-76204D61FF80}.Debug|Any CPU.ActiveCfg = Debug|x64
		{D06E248A-EF7A-4F1E-9A71-76204D61FF80}.Debug|Any CPU.Build.0 = Debug|x64
		{D06E248A-EF7A-4F1E-9A71-76204D61FF80}.Debug|x64.ActiveCfg = Debug|x64
		{D06E248A-EF7A-4F1E-9A71-76204D61FF80}.Debug|x64.Build.0 = Debug|x64
		{D06E248A-EF7A-4F1E-9A71-76204D61FF80}.Release|Any CPU.ActiveCfg = Release|x64
		{D06E248A-EF7A-4F1E-9A71-76204D61FF80}.Release|Any CPU.Build.0 = Release|x64
		{D06E248A-EF7A-4F1E-9A71-76204D61FF80}.Release|x64.ActiveCfg = Release|x64
		{D06E248A-EF7A-4F1E-9A71-76204D61FF80}.Release|x64.Build.0 = Release|x64
		{2642E217-5595-4E4B-9B6D-F5CFD937EB25}.Debug|Any CPU.ActiveCfg = Debug|x64
		{2642E217-5595-4E4B-9B6D-F5CFD937EB25}.Debug|Any CPU.Build.0 = Debug|x64
		{2642E217-5595-4E4B-9B6D-F5CFD937EB25}.Debug|x64.ActiveCfg = Debug|x64
		{2642E217-5595-4E4B-9B6D-F5CFD937EB25}.Debug|x64.Build.0 = Debug|x64
		{2642E217-5595-4E4B-9B6D-F5CFD937EB25}.Release|Any CPU.ActiveCfg = Release|x64
		{2642E217-5595-4E4B-9B6D-F5CFD937EB25}.Release|Any CPU.Build.0 = Release|x64
		{2642E217-5595-4E4B-9B6D-F5CFD937EB25}.Release|x64.ActiveCfg = Release|x64
		{2642E217-5595-4E4B-9B6D-F5CFD937EB25}.Release|x64.Build.0 = Release|x64
		{F0BCD085-9DC4-4B22-B791-C725CA8E46F6}.Debug|Any CPU.ActiveCfg = Debug|x64
		{F0BCD085-9DC4-4B22-B791-C725CA8E46F6}.Debug|Any CPU.Build.0 = Debug|x64
		{F0BCD085-9DC4-4B22-B791-C725CA8E46F6}.Debug|x64.ActiveCfg = Debug|x64
		{F0BCD085-9DC4-4B22-B791-C725CA8E46F6}.Debug|x64.Build.0 = Debug|x64
		{F0BCD085-9DC4-4B22-B791-C725CA8E46F6}.Release|Any CPU.ActiveCfg = Release|x64
		{F0BCD085-9DC4-4B22-B791-C725CA8E46F6}.Release|Any CPU.Build.0 = Release|x64
		{F0BCD085-9DC4-4B22-B791-C725CA8E46F6}.Release|x64.ActiveCfg = Release|x64
		{F0BCD085-9DC4-4B22-B791-C725CA8E46F6}.Release|x64.Build.0 = Release|x64
		{DF962940-3A81-4CAF-8EF9-855A667A7054}.Debug|Any CPU.ActiveCfg = Debug|x64
		{DF962940-3A81-4CAF-8EF9-855A667A7054}.Debug|Any CPU.Build.0 = Debug|x64
		{DF962940-3A81-4CAF-8EF9-855A667A7054}.Debug|x64.ActiveCfg = Debug|x64
		{DF962940-3A81-4CAF-8EF9-855A667A7054}.Debug|x64.Build.0 = Debug|x64
		{DF962940-3A81-4CAF-8EF9-855A667A7054}.Release|Any CPU.ActiveCfg = Release|x64
		{DF962940-3A81-4CAF-8EF9-855A667A7054}.Release|Any CPU.Build.0 = Release|x64
		{DF962940-3A81-4CAF-8EF9-855A667A7054}.Release|x64.ActiveCfg = Release|x64
		{DF962940-3A81-4CAF-8EF9-855A667A7054}.Release|x64.Build.0 = Release|x64
		{91BA3A45-E63C-40F7-B5F0-7353CB4BEE2F}.Debug|Any CPU.ActiveCfg = Release|x64
		{91BA3A45-E63C-40F7-B5F0-7353CB4BEE2F}.Debug|Any CPU.Build.0 = Release|x64
		{91BA3A45-E63C-40F7-B5F0-7353CB4BEE2F}.Debug|x64.ActiveCfg = Release|x64
		{91BA3A45-E63C-40F7-B5F0-7353CB4BEE2F}.Debug|x64.Build.0 = Release|x64
		{91BA3A45-E63C-40F7-B5F0-7353CB4BEE2F}.Release|Any CPU.ActiveCfg = Release|x64
		{91BA3A45-E63C-40F7-B5F0-7353CB4BEE2F}.Release|Any CPU.Build.0 = Release|x64
		{91BA3A45-E63C-40F7-B5F0-7353CB4BEE2F}.Release|x64.ActiveCfg = Release|x64
		{91BA3A45-E63C-40F7-B5F0-7353CB4BEE2F}.Release|x64.Build.0 = Release|x64
		{65F945D1-9571-45DA-9197-D65385025E8B}.Debug|Any CPU.ActiveCfg = Debug|Any CPU
		{65F945D1-9571-45DA-9197-D65385025E8B}.Debug|Any CPU.Build.0 = Debug|Any CPU
		{65F945D1-9571-45DA-9197-D65385025E8B}.Debug|x64.ActiveCfg = Debug|x64
		{65F945D1-9571-45DA-9197-D65385025E8B}.Debug|x64.Build.0 = Debug|x64
		{65F945D1-9571-45DA-9197-D65385025E8B}.Release|Any CPU.ActiveCfg = Release|Any CPU
		{65F945D1-9571-45DA-9197-D65385025E8B}.Release|Any CPU.Build.0 = Release|Any CPU
		{65F945D1-9571-45DA-9197-D65385025E8B}.Release|x64.ActiveCfg = Release|x64
		{65F945D1-9571-45DA-9197-D65385025E8B}.Release|x64.Build.0 = Release|x64
		{5E457545-0D23-4CEC-ABDE-67FE449B84A2}.Debug|Any CPU.ActiveCfg = Debug|Any CPU
		{5E457545-0D23-4CEC-ABDE-67FE449B84A2}.Debug|Any CPU.Build.0 = Debug|Any CPU
		{5E457545-0D23-4CEC-ABDE-67FE449B84A2}.Debug|x64.ActiveCfg = Debug|x64
		{5E457545-0D23-4CEC-ABDE-67FE449B84A2}.Debug|x64.Build.0 = Debug|x64
		{5E457545-0D23-4CEC-ABDE-67FE449B84A2}.Release|Any CPU.ActiveCfg = Release|Any CPU
		{5E457545-0D23-4CEC-ABDE-67FE449B84A2}.Release|Any CPU.Build.0 = Release|Any CPU
		{5E457545-0D23-4CEC-ABDE-67FE449B84A2}.Release|x64.ActiveCfg = Release|x64
		{5E457545-0D23-4CEC-ABDE-67FE449B84A2}.Release|x64.Build.0 = Release|x64
		{9B5FF88A-CC41-419A-8DB8-C08DCE19C84A}.Debug|Any CPU.ActiveCfg = Debug|Any CPU
		{9B5FF88A-CC41-419A-8DB8-C08DCE19C84A}.Debug|Any CPU.Build.0 = Debug|Any CPU
		{9B5FF88A-CC41-419A-8DB8-C08DCE19C84A}.Debug|x64.ActiveCfg = Debug|x64
		{9B5FF88A-CC41-419A-8DB8-C08DCE19C84A}.Debug|x64.Build.0 = Debug|x64
		{9B5FF88A-CC41-419A-8DB8-C08DCE19C84A}.Release|Any CPU.ActiveCfg = Release|Any CPU
		{9B5FF88A-CC41-419A-8DB8-C08DCE19C84A}.Release|Any CPU.Build.0 = Release|Any CPU
		{9B5FF88A-CC41-419A-8DB8-C08DCE19C84A}.Release|x64.ActiveCfg = Release|x64
		{9B5FF88A-CC41-419A-8DB8-C08DCE19C84A}.Release|x64.Build.0 = Release|x64
	EndGlobalSection
	GlobalSection(SolutionProperties) = preSolution
		HideSolutionNode = FALSE
	EndGlobalSection
	GlobalSection(ExtensibilityGlobals) = postSolution
		SolutionGuid = {92AD1E7F-9A75-4B4E-9721-265524A1A944}
	EndGlobalSection
EndGlobal
